github.com/BurntSushi/toml v1.2.0 h1:Rt8g24XnyGTyglgET/PRUNlrUeu9F5L+7FilkXfZgs0=
github.com/BurntSushi/toml v1.2.0/go.mod h1:CxXYINrC8qIiEnFrOxCa7Jy5BFHlXnUU2pbicEuybxQ=
github.com/go-micro/microwire/v5 v5.0.0 h1:UqtFMvjaYmsL8wXOYmpl2ocz/5O0dafF33Lv1P7EHOk=
github.com/go-micro/microwire/v5 v5.0.0/go.mod h1:7epVJvlJl6jqn7bbJziAPtytAf9o7AqRJVs4X7dZoYI=
