github.com/go-micro/microwire/v5 v5.0.1 h1:Q3r5ki9KKQ/BV/SY31HSTCLbZ95s8JuMzGMz4gkU2WA=
github.com/go-micro/microwire/v5 v5.0.1/go.mod h1:sC9ZnWglQSdCx41nbygbffO8Lz3Dm58SfV7C6+WkCMA=
github.com/go-micro/microwire/v5 v5.0.2 h1:7BUdPBLis7TLAi7FoMuPg6pE6VoKlhR8Ca3ePqOa2+s=
github.com/go-micro/microwire/v5 v5.0.2/go.mod h1:sC9ZnWglQSdCx41nbygbffO8Lz3Dm58SfV7C6+WkCMA=
github.com/google/uuid v1.3.0 h1:t6JiXgmwXMjEs8VusXIJk2BXHsn+wx8BZdTaoZ5fu7I=
github.com/google/uuid v1.3.0/go.mod h1:TIyPZe4MgqvfeYDBFedMoGGpEw/LqOeaOT+nhxU+yHo=
