github.com/go-micro/go-bson v1.0.0 h1:HA0CYa9szLy8/LX1M/4Ye9HQvI4Gz1HxVIM5RWWo1T0=
github.com/go-micro/go-bson v1.0.0/go.mod h1:p7wClOWTgO7XlpEE3VC8O4w94VQ0W+HeHrEp4xDwYVA=
github.com/go-micro/microwire/v5 v5.0.0 h1:UqtFMvjaYmsL8wXOYmpl2ocz/5O0dafF33Lv1P7EHOk=
github.com/go-micro/microwire/v5 v5.0.0/go.mod h1:7epVJvlJl6jqn7bbJziAPtytAf9o7AqRJVs4X7dZoYI=
